Microsoft Visual Studio Solution File, Format Version 11.00
# Visual Studio 2008

Project("{357DE1A3-C5F4-D0CF-6D12-7FFF3BC42B1F}") = "youxi", "Assembly-CSharp.csproj", "{00D36D05-06E7-9FDF-673F-D27C14096F82}"
EndProject
Global
	GlobalSection(SolutionConfigurationPlatforms) = preSolution
		Debug|Any CPU = Debug|Any CPU
		Release|Any CPU = Release|Any CPU
	EndGlobalSection
	GlobalSection(ProjectConfigurationPlatforms) = postSolution
		{00D36D05-06E7-9FDF-673F-D27C14096F82}.Debug|Any CPU.ActiveCfg = Debug|Any CPU
		{00D36D05-06E7-9FDF-673F-D27C14096F82}.Debug|Any CPU.Build.0 = Debug|Any CPU
		{00D36D05-06E7-9FDF-673F-D27C14096F82}.Release|Any CPU.ActiveCfg = Release|Any CPU
		{00D36D05-06E7-9FDF-673F-D27C14096F82}.Release|Any CPU.Build.0 = Release|Any CPU
	EndGlobalSection
	GlobalSection(SolutionProperties) = preSolution
		HideSolutionNode = FALSE
	EndGlobalSection
	GlobalSection(MonoDevelopProperties) = preSolution
		StartupItem = Assembly-CSharp.csproj
	EndGlobalSection
EndGlobal
